
Microsoft Visual Studio Solution File, Format Version 12.00
# Visual Studio 14
VisualStudioVersion = 14.0.25420.1
MinimumVisualStudioVersion = 10.0.40219.1
Project("{2150E333-8FDC-42A3-9474-1A3956D46DE8}") = "src", "src", "{D39FF216-F84E-404C-84D7-7E684ACDAD36}"
EndProject
Project("{2150E333-8FDC-42A3-9474-1A3956D46DE8}") = "Solution Items", "Solution Items", "{DB6AFB05-C8ED-43D9-A10E-871FE5ED9D18}"
	ProjectSection(SolutionItems) = preProject
		build.bat = build.bat
		readme.md = readme.md
	EndProjectSection
EndProject
Project("{2150E333-8FDC-42A3-9474-1A3956D46DE8}") = "Module", "Module", "{9287447B-AF3D-4F62-B302-13C0484EFAAD}"
EndProject
Project("{2150E333-8FDC-42A3-9474-1A3956D46DE8}") = "Test", "Test", "{E7A733C6-DC29-4E2E-9609-EA457FE55616}"
EndProject
Project("{9A19103F-16F7-4668-BE54-9A1E7A4F7556}") = "es.db", "src\es.db\es.db.csproj", "{B949E5C1-B2C4-4A65-AFEF-6694BFD6967A}"
EndProject
Project("{9A19103F-16F7-4668-BE54-9A1E7A4F7556}") = "Infrastructure", "src\Infrastructure\Infrastructure.csproj", "{0862A076-A6B3-4E30-94E8-3D5BCF5CDAF1}"
EndProject
Project("{9A19103F-16F7-4668-BE54-9A1E7A4F7556}") = "WebHost", "src\WebHost\WebHost.csproj", "{462F82F4-5A04-4117-8794-827CE01956D6}"
EndProject
Project("{9A19103F-16F7-4668-BE54-9A1E7A4F7556}") = "Admin", "src\Module\Admin\Admin.csproj", "{88168021-D7FF-41B6-BC0A-273E28616360}"
EndProject
Project("{9A19103F-16F7-4668-BE54-9A1E7A4F7556}") = "Test", "src\Module\Test\Test.csproj", "{88D67709-C1DE-4561-85CE-DD2A69B0A293}"
EndProject
Global
	GlobalSection(SolutionConfigurationPlatforms) = preSolution
		Debug|Any CPU = Debug|Any CPU
		Release|Any CPU = Release|Any CPU
	EndGlobalSection
	GlobalSection(ProjectConfigurationPlatforms) = postSolution
		{B949E5C1-B2C4-4A65-AFEF-6694BFD6967A}.Debug|Any CPU.ActiveCfg = Debug|Any CPU
		{B949E5C1-B2C4-4A65-AFEF-6694BFD6967A}.Debug|Any CPU.Build.0 = Debug|Any CPU
		{B949E5C1-B2C4-4A65-AFEF-6694BFD6967A}.Release|Any CPU.ActiveCfg = Release|Any CPU
		{B949E5C1-B2C4-4A65-AFEF-6694BFD6967A}.Release|Any CPU.Build.0 = Release|Any CPU
		{0862A076-A6B3-4E30-94E8-3D5BCF5CDAF1}.Debug|Any CPU.ActiveCfg = Debug|Any CPU
		{0862A076-A6B3-4E30-94E8-3D5BCF5CDAF1}.Debug|Any CPU.Build.0 = Debug|Any CPU
		{0862A076-A6B3-4E30-94E8-3D5BCF5CDAF1}.Release|Any CPU.ActiveCfg = Release|Any CPU
		{0862A076-A6B3-4E30-94E8-3D5BCF5CDAF1}.Release|Any CPU.Build.0 = Release|Any CPU
		{462F82F4-5A04-4117-8794-827CE01956D6}.Debug|Any CPU.ActiveCfg = Debug|Any CPU
		{462F82F4-5A04-4117-8794-827CE01956D6}.Debug|Any CPU.Build.0 = Debug|Any CPU
		{462F82F4-5A04-4117-8794-827CE01956D6}.Release|Any CPU.ActiveCfg = Release|Any CPU
		{462F82F4-5A04-4117-8794-827CE01956D6}.Release|Any CPU.Build.0 = Release|Any CPU
		{88168021-D7FF-41B6-BC0A-273E28616360}.Debug|Any CPU.ActiveCfg = Debug|Any CPU
		{88168021-D7FF-41B6-BC0A-273E28616360}.Debug|Any CPU.Build.0 = Debug|Any CPU
		{88168021-D7FF-41B6-BC0A-273E28616360}.Release|Any CPU.ActiveCfg = Release|Any CPU
		{88168021-D7FF-41B6-BC0A-273E28616360}.Release|Any CPU.Build.0 = Release|Any CPU
		{88D67709-C1DE-4561-85CE-DD2A69B0A293}.Debug|Any CPU.ActiveCfg = Debug|Any CPU
		{88D67709-C1DE-4561-85CE-DD2A69B0A293}.Debug|Any CPU.Build.0 = Debug|Any CPU
		{88D67709-C1DE-4561-85CE-DD2A69B0A293}.Release|Any CPU.ActiveCfg = Release|Any CPU
		{88D67709-C1DE-4561-85CE-DD2A69B0A293}.Release|Any CPU.Build.0 = Release|Any CPU
	EndGlobalSection
	GlobalSection(SolutionProperties) = preSolution
		HideSolutionNode = FALSE
	EndGlobalSection
	GlobalSection(NestedProjects) = preSolution
		{9287447B-AF3D-4F62-B302-13C0484EFAAD} = {D39FF216-F84E-404C-84D7-7E684ACDAD36}
		{B949E5C1-B2C4-4A65-AFEF-6694BFD6967A} = {D39FF216-F84E-404C-84D7-7E684ACDAD36}
		{0862A076-A6B3-4E30-94E8-3D5BCF5CDAF1} = {D39FF216-F84E-404C-84D7-7E684ACDAD36}
		{462F82F4-5A04-4117-8794-827CE01956D6} = {D39FF216-F84E-404C-84D7-7E684ACDAD36}
		{88168021-D7FF-41B6-BC0A-273E28616360} = {9287447B-AF3D-4F62-B302-13C0484EFAAD}
		{88D67709-C1DE-4561-85CE-DD2A69B0A293} = {9287447B-AF3D-4F62-B302-13C0484EFAAD}
	EndGlobalSection
EndGlobal
