
Microsoft Visual Studio Solution File, Format Version 12.00
# Visual Studio 14
VisualStudioVersion = 14.0.25420.1
MinimumVisualStudioVersion = 10.0.40219.1
Project("{2150E333-8FDC-42A3-9474-1A3956D46DE8}") = "src", "src", "{26781396-A5A5-4252-B1E8-EB3B5E547917}"
EndProject
Project("{2150E333-8FDC-42A3-9474-1A3956D46DE8}") = "Solution Items", "Solution Items", "{65215E66-E9B2-4529-A133-CBFF32BB95D2}"
	ProjectSection(SolutionItems) = preProject
		build.bat = build.bat
		readme.md = readme.md
	EndProjectSection
EndProject
Project("{2150E333-8FDC-42A3-9474-1A3956D46DE8}") = "Module", "Module", "{218CDB87-E67E-4A57-9C5A-6261FCA92D28}"
EndProject
Project("{2150E333-8FDC-42A3-9474-1A3956D46DE8}") = "Test", "Test", "{7EDD2652-ED70-4BEA-AA67-7F2310E76640}"
EndProject
Project("{9A19103F-16F7-4668-BE54-9A1E7A4F7556}") = "es.db", "src\es.db\es.db.csproj", "{5027812B-3368-40C2-88B8-7D6BFCF497C9}"
EndProject
Project("{9A19103F-16F7-4668-BE54-9A1E7A4F7556}") = "Infrastructure", "src\Infrastructure\Infrastructure.csproj", "{91CA385A-9BAD-40AF-AF3A-AFA022869751}"
EndProject
Project("{9A19103F-16F7-4668-BE54-9A1E7A4F7556}") = "WebHost", "src\WebHost\WebHost.csproj", "{DD4813B6-7A56-4222-A905-2503C114F77A}"
EndProject
Project("{9A19103F-16F7-4668-BE54-9A1E7A4F7556}") = "Admin", "src\Module\Admin\Admin.csproj", "{5A933486-5674-4796-B2CD-1323920AF943}"
EndProject
Project("{9A19103F-16F7-4668-BE54-9A1E7A4F7556}") = "Test", "src\Module\Test\Test.csproj", "{62C4C180-AD5E-4A4C-9E6B-F27DCDA963CC}"
EndProject
Global
	GlobalSection(SolutionConfigurationPlatforms) = preSolution
		Debug|Any CPU = Debug|Any CPU
		Release|Any CPU = Release|Any CPU
	EndGlobalSection
	GlobalSection(ProjectConfigurationPlatforms) = postSolution
		{5027812B-3368-40C2-88B8-7D6BFCF497C9}.Debug|Any CPU.ActiveCfg = Debug|Any CPU
		{5027812B-3368-40C2-88B8-7D6BFCF497C9}.Debug|Any CPU.Build.0 = Debug|Any CPU
		{5027812B-3368-40C2-88B8-7D6BFCF497C9}.Release|Any CPU.ActiveCfg = Release|Any CPU
		{5027812B-3368-40C2-88B8-7D6BFCF497C9}.Release|Any CPU.Build.0 = Release|Any CPU
		{91CA385A-9BAD-40AF-AF3A-AFA022869751}.Debug|Any CPU.ActiveCfg = Debug|Any CPU
		{91CA385A-9BAD-40AF-AF3A-AFA022869751}.Debug|Any CPU.Build.0 = Debug|Any CPU
		{91CA385A-9BAD-40AF-AF3A-AFA022869751}.Release|Any CPU.ActiveCfg = Release|Any CPU
		{91CA385A-9BAD-40AF-AF3A-AFA022869751}.Release|Any CPU.Build.0 = Release|Any CPU
		{DD4813B6-7A56-4222-A905-2503C114F77A}.Debug|Any CPU.ActiveCfg = Debug|Any CPU
		{DD4813B6-7A56-4222-A905-2503C114F77A}.Debug|Any CPU.Build.0 = Debug|Any CPU
		{DD4813B6-7A56-4222-A905-2503C114F77A}.Release|Any CPU.ActiveCfg = Release|Any CPU
		{DD4813B6-7A56-4222-A905-2503C114F77A}.Release|Any CPU.Build.0 = Release|Any CPU
		{5A933486-5674-4796-B2CD-1323920AF943}.Debug|Any CPU.ActiveCfg = Debug|Any CPU
		{5A933486-5674-4796-B2CD-1323920AF943}.Debug|Any CPU.Build.0 = Debug|Any CPU
		{5A933486-5674-4796-B2CD-1323920AF943}.Release|Any CPU.ActiveCfg = Release|Any CPU
		{5A933486-5674-4796-B2CD-1323920AF943}.Release|Any CPU.Build.0 = Release|Any CPU
		{62C4C180-AD5E-4A4C-9E6B-F27DCDA963CC}.Debug|Any CPU.ActiveCfg = Debug|Any CPU
		{62C4C180-AD5E-4A4C-9E6B-F27DCDA963CC}.Debug|Any CPU.Build.0 = Debug|Any CPU
		{62C4C180-AD5E-4A4C-9E6B-F27DCDA963CC}.Release|Any CPU.ActiveCfg = Release|Any CPU
		{62C4C180-AD5E-4A4C-9E6B-F27DCDA963CC}.Release|Any CPU.Build.0 = Release|Any CPU
	EndGlobalSection
	GlobalSection(SolutionProperties) = preSolution
		HideSolutionNode = FALSE
	EndGlobalSection
	GlobalSection(NestedProjects) = preSolution
		{218CDB87-E67E-4A57-9C5A-6261FCA92D28} = {26781396-A5A5-4252-B1E8-EB3B5E547917}
		{5027812B-3368-40C2-88B8-7D6BFCF497C9} = {26781396-A5A5-4252-B1E8-EB3B5E547917}
		{91CA385A-9BAD-40AF-AF3A-AFA022869751} = {26781396-A5A5-4252-B1E8-EB3B5E547917}
		{DD4813B6-7A56-4222-A905-2503C114F77A} = {26781396-A5A5-4252-B1E8-EB3B5E547917}
		{5A933486-5674-4796-B2CD-1323920AF943} = {218CDB87-E67E-4A57-9C5A-6261FCA92D28}
		{62C4C180-AD5E-4A4C-9E6B-F27DCDA963CC} = {218CDB87-E67E-4A57-9C5A-6261FCA92D28}
	EndGlobalSection
EndGlobal
