
Microsoft Visual Studio Solution File, Format Version 12.00
# Visual Studio 14
VisualStudioVersion = 14.0.25420.1
MinimumVisualStudioVersion = 10.0.40219.1
Project("{2150E333-8FDC-42A3-9474-1A3956D46DE8}") = "src", "src", "{A6F74B95-675E-4299-B4F5-16F05E912122}"
EndProject
Project("{2150E333-8FDC-42A3-9474-1A3956D46DE8}") = "Solution Items", "Solution Items", "{1EF699E5-B23D-4D67-B931-D78586D852D9}"
	ProjectSection(SolutionItems) = preProject
		build.bat = build.bat
		readme.md = readme.md
	EndProjectSection
EndProject
Project("{2150E333-8FDC-42A3-9474-1A3956D46DE8}") = "Module", "Module", "{E697B65C-E915-4D1B-8490-2F18C3582529}"
EndProject
Project("{2150E333-8FDC-42A3-9474-1A3956D46DE8}") = "Test", "Test", "{E13F4C7D-0BB2-433E-A781-64F61B0BC6F4}"
EndProject
Project("{9A19103F-16F7-4668-BE54-9A1E7A4F7556}") = "es.db", "src\es.db\es.db.csproj", "{DC408E86-30DD-43FF-A0F5-377CCBAEE074}"
EndProject
Project("{9A19103F-16F7-4668-BE54-9A1E7A4F7556}") = "Infrastructure", "src\Infrastructure\Infrastructure.csproj", "{BFE21E05-F905-457D-A0C2-6A7D914B1DAB}"
EndProject
Project("{9A19103F-16F7-4668-BE54-9A1E7A4F7556}") = "WebHost", "src\WebHost\WebHost.csproj", "{3FC5EEA4-570E-47C1-B092-70E5252CBACA}"
EndProject
Project("{9A19103F-16F7-4668-BE54-9A1E7A4F7556}") = "Admin", "src\Module\Admin\Admin.csproj", "{243EE743-CBDF-4D94-89AE-0B22CCEBDAFC}"
EndProject
Project("{9A19103F-16F7-4668-BE54-9A1E7A4F7556}") = "Test", "src\Module\Test\Test.csproj", "{CF309270-8CF9-4E7C-A150-867C95C220E1}"
EndProject
Global
	GlobalSection(SolutionConfigurationPlatforms) = preSolution
		Debug|Any CPU = Debug|Any CPU
		Release|Any CPU = Release|Any CPU
	EndGlobalSection
	GlobalSection(ProjectConfigurationPlatforms) = postSolution
		{DC408E86-30DD-43FF-A0F5-377CCBAEE074}.Debug|Any CPU.ActiveCfg = Debug|Any CPU
		{DC408E86-30DD-43FF-A0F5-377CCBAEE074}.Debug|Any CPU.Build.0 = Debug|Any CPU
		{DC408E86-30DD-43FF-A0F5-377CCBAEE074}.Release|Any CPU.ActiveCfg = Release|Any CPU
		{DC408E86-30DD-43FF-A0F5-377CCBAEE074}.Release|Any CPU.Build.0 = Release|Any CPU
		{BFE21E05-F905-457D-A0C2-6A7D914B1DAB}.Debug|Any CPU.ActiveCfg = Debug|Any CPU
		{BFE21E05-F905-457D-A0C2-6A7D914B1DAB}.Debug|Any CPU.Build.0 = Debug|Any CPU
		{BFE21E05-F905-457D-A0C2-6A7D914B1DAB}.Release|Any CPU.ActiveCfg = Release|Any CPU
		{BFE21E05-F905-457D-A0C2-6A7D914B1DAB}.Release|Any CPU.Build.0 = Release|Any CPU
		{3FC5EEA4-570E-47C1-B092-70E5252CBACA}.Debug|Any CPU.ActiveCfg = Debug|Any CPU
		{3FC5EEA4-570E-47C1-B092-70E5252CBACA}.Debug|Any CPU.Build.0 = Debug|Any CPU
		{3FC5EEA4-570E-47C1-B092-70E5252CBACA}.Release|Any CPU.ActiveCfg = Release|Any CPU
		{3FC5EEA4-570E-47C1-B092-70E5252CBACA}.Release|Any CPU.Build.0 = Release|Any CPU
		{243EE743-CBDF-4D94-89AE-0B22CCEBDAFC}.Debug|Any CPU.ActiveCfg = Debug|Any CPU
		{243EE743-CBDF-4D94-89AE-0B22CCEBDAFC}.Debug|Any CPU.Build.0 = Debug|Any CPU
		{243EE743-CBDF-4D94-89AE-0B22CCEBDAFC}.Release|Any CPU.ActiveCfg = Release|Any CPU
		{243EE743-CBDF-4D94-89AE-0B22CCEBDAFC}.Release|Any CPU.Build.0 = Release|Any CPU
		{CF309270-8CF9-4E7C-A150-867C95C220E1}.Debug|Any CPU.ActiveCfg = Debug|Any CPU
		{CF309270-8CF9-4E7C-A150-867C95C220E1}.Debug|Any CPU.Build.0 = Debug|Any CPU
		{CF309270-8CF9-4E7C-A150-867C95C220E1}.Release|Any CPU.ActiveCfg = Release|Any CPU
		{CF309270-8CF9-4E7C-A150-867C95C220E1}.Release|Any CPU.Build.0 = Release|Any CPU
	EndGlobalSection
	GlobalSection(SolutionProperties) = preSolution
		HideSolutionNode = FALSE
	EndGlobalSection
	GlobalSection(NestedProjects) = preSolution
		{E697B65C-E915-4D1B-8490-2F18C3582529} = {A6F74B95-675E-4299-B4F5-16F05E912122}
		{DC408E86-30DD-43FF-A0F5-377CCBAEE074} = {A6F74B95-675E-4299-B4F5-16F05E912122}
		{BFE21E05-F905-457D-A0C2-6A7D914B1DAB} = {A6F74B95-675E-4299-B4F5-16F05E912122}
		{3FC5EEA4-570E-47C1-B092-70E5252CBACA} = {A6F74B95-675E-4299-B4F5-16F05E912122}
		{243EE743-CBDF-4D94-89AE-0B22CCEBDAFC} = {E697B65C-E915-4D1B-8490-2F18C3582529}
		{CF309270-8CF9-4E7C-A150-867C95C220E1} = {E697B65C-E915-4D1B-8490-2F18C3582529}
	EndGlobalSection
EndGlobal
